
Microsoft Visual Studio Solution File, Format Version 12.00
# Visual Studio Version 16
VisualStudioVersion = 16.0.31702.278
MinimumVisualStudioVersion = 10.0.40219.1
Project("{8BC9CEB8-8B4A-11D0-8D11-00A0C91BC942}") = "Snake", "Snake\Snake.vcxproj", "{C290F10F-9AC3-428F-9C3E-3F05816CBDA8}"
EndProject
Global
	GlobalSection(SolutionConfigurationPlatforms) = preSolution
		Debug|x64 = Debug|x64
		Debug|x86 = Debug|x86
		Release|x64 = Release|x64
		Release|x86 = Release|x86
	EndGlobalSection
	GlobalSection(ProjectConfigurationPlatforms) = postSolution
		{C290F10F-9AC3-428F-9C3E-3F05816CBDA8}.Debug|x64.ActiveCfg = Debug|x64
		{C290F10F-9AC3-428F-9C3E-3F05816CBDA8}.Debug|x64.Build.0 = Debug|x64
		{C290F10F-9AC3-428F-9C3E-3F05816CBDA8}.Debug|x86.ActiveCfg = Debug|Win32
		{C290F10F-9AC3-428F-9C3E-3F05816CBDA8}.Debug|x86.Build.0 = Debug|Win32
		{C290F10F-9AC3-428F-9C3E-3F05816CBDA8}.Release|x64.ActiveCfg = Release|x64
		{C290F10F-9AC3-428F-9C3E-3F05816CBDA8}.Release|x64.Build.0 = Release|x64
		{C290F10F-9AC3-428F-9C3E-3F05816CBDA8}.Release|x86.ActiveCfg = Release|Win32
		{C290F10F-9AC3-428F-9C3E-3F05816CBDA8}.Release|x86.Build.0 = Release|Win32
	EndGlobalSection
	GlobalSection(SolutionProperties) = preSolution
		HideSolutionNode = FALSE
	EndGlobalSection
	GlobalSection(ExtensibilityGlobals) = postSolution
		SolutionGuid = {45D78C20-4A67-475A-9A46-486FEDECAEA7}
	EndGlobalSection
EndGlobal
